
Microsoft Visual Studio Solution File, Format Version 12.00
# Visual Studio Version 17
VisualStudioVersion = 17.3.32804.467
MinimumVisualStudioVersion = 10.0.40219.1
Project("{FAE04EC0-301F-11D3-BF4B-00C04F79EFBC}") = "SuperMarket", "SuperMarket\SuperMarket.csproj", "{7DF8FF1D-A78F-4777-9E58-6D28AE33DD82}"
EndProject
Global
	GlobalSection(SolutionConfigurationPlatforms) = preSolution
		Debug|Any CPU = Debug|Any CPU
		Release|Any CPU = Release|Any CPU
	EndGlobalSection
	GlobalSection(ProjectConfigurationPlatforms) = postSolution
		{7DF8FF1D-A78F-4777-9E58-6D28AE33DD82}.Debug|Any CPU.ActiveCfg = Debug|Any CPU
		{7DF8FF1D-A78F-4777-9E58-6D28AE33DD82}.Debug|Any CPU.Build.0 = Debug|Any CPU
		{7DF8FF1D-A78F-4777-9E58-6D28AE33DD82}.Release|Any CPU.ActiveCfg = Release|Any CPU
		{7DF8FF1D-A78F-4777-9E58-6D28AE33DD82}.Release|Any CPU.Build.0 = Release|Any CPU
	EndGlobalSection
	GlobalSection(SolutionProperties) = preSolution
		HideSolutionNode = FALSE
	EndGlobalSection
	GlobalSection(ExtensibilityGlobals) = postSolution
		SolutionGuid = {17356DC3-A4A5-40ED-BF23-A25F79A08D8E}
	EndGlobalSection
EndGlobal
